<?xml version="1.0" encoding="utf-8"?>
<Project ToolsVersion="4.0" xmlns="http://schemas.microsoft.com/developer/msbuild/2003">
  <ItemGroup>
    <Filter Include="Source Files">
      <UniqueIdentifier>{4FC737F1-C7A5-4376-A066-2A32D752A2FF}</UniqueIdentifier>
      <Extensions>cpp;c;cc;cxx;c++;cppm;ixx;def;odl;idl;hpj;bat;asm;asmx</Extensions>
    </Filter>
    <Filter Include="Header Files">
      <UniqueIdentifier>{93995380-89BD-4b04-88EB-625FBE52EBFB}</UniqueIdentifier>
      <Extensions>h;hh;hpp;hxx;h++;hm;inl;inc;ipp;xsd</Extensions>
    </Filter>
    <Filter Include="Resource Files">
      <UniqueIdentifier>{67DA6AB6-F800-4c08-8B7A-83BB121AAD01}</UniqueIdentifier>
      <Extensions>rc;ico;cur;bmp;dlg;rc2;rct;bin;rgs;gif;jpg;jpeg;jpe;resx;tiff;tif;png;wav;mfcribbon-ms</Extensions>
    </Filter>
    <Filter Include="Header Files\Domain">
      <UniqueIdentifier>{91bff11d-a09c-407f-9c27-64a9cd1a3acb}</UniqueIdentifier>
    </Filter>
    <Filter Include="Source Files\Domain">
      <UniqueIdentifier>{3308d61d-efbc-4e54-a704-95d9fa0424af}</UniqueIdentifier>
    </Filter>
    <Filter Include="Header Files\Repository">
      <UniqueIdentifier>{f89479a1-7840-4bc1-9661-5fa249c45e1e}</UniqueIdentifier>
    </Filter>
    <Filter Include="Source Files\Repository">
      <UniqueIdentifier>{2e3d80da-3641-48f5-bf1e-83a53127a1c6}</UniqueIdentifier>
    </Filter>
    <Filter Include="Header Files\Service">
      <UniqueIdentifier>{02ecc8e0-e2f2-4e91-94ae-71c8015f566b}</UniqueIdentifier>
    </Filter>
    <Filter Include="Source Files\Service">
      <UniqueIdentifier>{5afb679a-cea2-40c3-b46e-95b7ccd21f53}</UniqueIdentifier>
    </Filter>
    <Filter Include="Header Files\UI">
      <UniqueIdentifier>{41603ff5-aeae-499c-b9dd-cd4932967030}</UniqueIdentifier>
    </Filter>
    <Filter Include="Source Files\UI">
      <UniqueIdentifier>{57e23798-b775-4c65-9031-f2d6304d93a8}</UniqueIdentifier>
    </Filter>
  </ItemGroup>
  <ItemGroup>
    <ClInclude Include="Product.h">
      <Filter>Header Files\Domain</Filter>
    </ClInclude>
    <ClInclude Include="Date.h">
      <Filter>Header Files\Domain</Filter>
    </ClInclude>
    <ClInclude Include="service.h">
      <Filter>Header Files\Service</Filter>
    </ClInclude>
    <ClInclude Include="repo.h">
      <Filter>Header Files\Repository</Filter>
    </ClInclude>
    <ClInclude Include="DynamicArray.h">
      <Filter>Header Files\Domain</Filter>
    </ClInclude>
    <ClInclude Include="UI.h">
      <Filter>Header Files\UI</Filter>
    </ClInclude>
    <ClInclude Include="UndoRepo.h">
      <Filter>Header Files\Repository</Filter>
    </ClInclude>
    <ClInclude Include="Tests.h">
      <Filter>Header Files</Filter>
    </ClInclude>
  </ItemGroup>
  <ItemGroup>
    <ClCompile Include="service.c">
      <Filter>Source Files\Service</Filter>
    </ClCompile>
    <ClCompile Include="repo.c">
      <Filter>Source Files\Repository</Filter>
    </ClCompile>
    <ClCompile Include="Product.c">
      <Filter>Source Files\Domain</Filter>
    </ClCompile>
    <ClCompile Include="Date.c">
      <Filter>Source Files\Domain</Filter>
    </ClCompile>
    <ClCompile Include="main.c">
      <Filter>Source Files</Filter>
    </ClCompile>
    <ClCompile Include="DynamicArray.c">
      <Filter>Source Files\Domain</Filter>
    </ClCompile>
    <ClCompile Include="UI.c">
      <Filter>Source Files\UI</Filter>
    </ClCompile>
    <ClCompile Include="UndoRepo.c">
      <Filter>Source Files\Repository</Filter>
    </ClCompile>
    <ClCompile Include="Tests.c">
      <Filter>Source Files</Filter>
    </ClCompile>
  </ItemGroup>
</Project>