
Microsoft Visual Studio Solution File, Format Version 12.00
# Visual Studio Version 17
VisualStudioVersion = 17.14.36518.9 d17.14
MinimumVisualStudioVersion = 10.0.40219.1
Project("{8BC9CEB8-8B4A-11D0-8D11-00A0C91BC942}") = "Lab1-FLP", "Lab1-FLP.vcxproj", "{FC035365-6D31-4A7E-96E5-FCDCE8ACE374}"
EndProject
Global
	GlobalSection(SolutionConfigurationPlatforms) = preSolution
		Debug|x64 = Debug|x64
		Debug|x86 = Debug|x86
		Release|x64 = Release|x64
		Release|x86 = Release|x86
	EndGlobalSection
	GlobalSection(ProjectConfigurationPlatforms) = postSolution
		{FC035365-6D31-4A7E-96E5-FCDCE8ACE374}.Debug|x64.ActiveCfg = Debug|x64
		{FC035365-6D31-4A7E-96E5-FCDCE8ACE374}.Debug|x64.Build.0 = Debug|x64
		{FC035365-6D31-4A7E-96E5-FCDCE8ACE374}.Debug|x86.ActiveCfg = Debug|Win32
		{FC035365-6D31-4A7E-96E5-FCDCE8ACE374}.Debug|x86.Build.0 = Debug|Win32
		{FC035365-6D31-4A7E-96E5-FCDCE8ACE374}.Release|x64.ActiveCfg = Release|x64
		{FC035365-6D31-4A7E-96E5-FCDCE8ACE374}.Release|x64.Build.0 = Release|x64
		{FC035365-6D31-4A7E-96E5-FCDCE8ACE374}.Release|x86.ActiveCfg = Release|Win32
		{FC035365-6D31-4A7E-96E5-FCDCE8ACE374}.Release|x86.Build.0 = Release|Win32
	EndGlobalSection
	GlobalSection(SolutionProperties) = preSolution
		HideSolutionNode = FALSE
	EndGlobalSection
	GlobalSection(ExtensibilityGlobals) = postSolution
		SolutionGuid = {1D827711-F23F-4996-89A7-139362961444}
	EndGlobalSection
EndGlobal
